schema: '2.0'
stages:
  data_load:
    cmd: python data_loader.py
    deps:
    - path: data_loader.py
      hash: md5
      md5: ab1b64f50992105e8a8d2d454ed58724
      size: 10474
    - path: params.yaml
      hash: md5
      md5: 3a4dc67a3f73fe0ae52fe2b98a2fc4ab
      size: 796
    outs:
    - path: data/processed/X_test.csv
      hash: md5
      md5: cf7897ef37c32f7b595a5d8242e157bf
      size: 304950981
    - path: data/processed/X_train.csv
      hash: md5
      md5: 3410e6f5d184156a27d6979fe70625aa
      size: 1219815440
    - path: data/processed/y_test.csv
      hash: md5
      md5: 4294b0fa9f22fd9af338dcea6aa3b1d9
      size: 132678
    - path: data/processed/y_train.csv
      hash: md5
      md5: 50fbf4b33bd573f25ba5a03764f4ba1f
      size: 530688
    - path: ddm/preprocessor.joblib
      hash: md5
      md5: 2cc97ed4989ef406537bff5a64f2d45b
      size: 45979
  train:
    cmd: python train_model.py
    deps:
    - path: data/processed/X_test.csv
      hash: md5
      md5: cf7897ef37c32f7b595a5d8242e157bf
      size: 304950981
    - path: data/processed/X_train.csv
      hash: md5
      md5: 3410e6f5d184156a27d6979fe70625aa
      size: 1219815440
    - path: data/processed/y_test.csv
      hash: md5
      md5: 4294b0fa9f22fd9af338dcea6aa3b1d9
      size: 132678
    - path: data/processed/y_train.csv
      hash: md5
      md5: 50fbf4b33bd573f25ba5a03764f4ba1f
      size: 530688
    - path: params.yaml
      hash: md5
      md5: 3a4dc67a3f73fe0ae52fe2b98a2fc4ab
      size: 796
    - path: train_model.py
      hash: md5
      md5: 55cecf3fc6d55c079c26a830bb6cdafa
      size: 4676
    outs:
    - path: mlruns/
      hash: md5
      md5: 9fa5275503a25e3f36d35f2115845fe1.dir
      size: 17568505
      nfiles: 182
    - path: models/
      hash: md5
      md5: 2773d8e623ae11cc9c127eb705021984.dir
      size: 17531891
      nfiles: 4
